
Microsoft Visual Studio Solution File, Format Version 12.00
# Visual Studio Version 17
VisualStudioVersion = 17.9.34701.34
MinimumVisualStudioVersion = 10.0.40219.1
Project("{FAE04EC0-301F-11D3-BF4B-00C04F79EFBC}") = "GarnetServer", "GarnetServer.csproj", "{7C052663-EA9D-45F9-8E74-FA8B53C3B77C}"
EndProject
Global
	GlobalSection(SolutionConfigurationPlatforms) = preSolution
		Debug|Any CPU = Debug|Any CPU
		Release|Any CPU = Release|Any CPU
	EndGlobalSection
	GlobalSection(ProjectConfigurationPlatforms) = postSolution
		{7C052663-EA9D-45F9-8E74-FA8B53C3B77C}.Debug|Any CPU.ActiveCfg = Debug|Any CPU
		{7C052663-EA9D-45F9-8E74-FA8B53C3B77C}.Debug|Any CPU.Build.0 = Debug|Any CPU
		{7C052663-EA9D-45F9-8E74-FA8B53C3B77C}.Release|Any CPU.ActiveCfg = Release|Any CPU
		{7C052663-EA9D-45F9-8E74-FA8B53C3B77C}.Release|Any CPU.Build.0 = Release|Any CPU
	EndGlobalSection
	GlobalSection(SolutionProperties) = preSolution
		HideSolutionNode = FALSE
	EndGlobalSection
	GlobalSection(ExtensibilityGlobals) = postSolution
		SolutionGuid = {A16CDF58-FEA4-4142-B203-858AF9FE3D2C}
	EndGlobalSection
EndGlobal
